
Microsoft Visual Studio Solution File, Format Version 12.00
# Visual Studio Version 17
VisualStudioVersion = 17.2.32630.192
MinimumVisualStudioVersion = 10.0.40219.1
Project("{FAE04EC0-301F-11D3-BF4B-00C04F79EFBC}") = "CMPG323Project2_31777597", "CMPG323Project2_31777597\CMPG323Project2_31777597.csproj", "{DB149595-C8BC-4E94-B9EA-C1C86DAFF013}"
EndProject
Global
	GlobalSection(SolutionConfigurationPlatforms) = preSolution
		Debug|Any CPU = Debug|Any CPU
		Release|Any CPU = Release|Any CPU
	EndGlobalSection
	GlobalSection(ProjectConfigurationPlatforms) = postSolution
		{DB149595-C8BC-4E94-B9EA-C1C86DAFF013}.Debug|Any CPU.ActiveCfg = Debug|Any CPU
		{DB149595-C8BC-4E94-B9EA-C1C86DAFF013}.Debug|Any CPU.Build.0 = Debug|Any CPU
		{DB149595-C8BC-4E94-B9EA-C1C86DAFF013}.Release|Any CPU.ActiveCfg = Release|Any CPU
		{DB149595-C8BC-4E94-B9EA-C1C86DAFF013}.Release|Any CPU.Build.0 = Release|Any CPU
	EndGlobalSection
	GlobalSection(SolutionProperties) = preSolution
		HideSolutionNode = FALSE
	EndGlobalSection
	GlobalSection(ExtensibilityGlobals) = postSolution
		SolutionGuid = {3CA7B635-1726-4012-B4BD-5F3C5A7546D6}
	EndGlobalSection
EndGlobal
